Microsoft Visual Studio Solution File, Format Version 12.00
# Visual Studio Version 17
VisualStudioVersion = 17.5.2.0
MinimumVisualStudioVersion = 10.0.40219.1
Project("{FAE04EC0-301F-11D3-BF4B-00C04F79EFBC}") = "api-framework-from-scratch", "api-framework-from-scratch.csproj", "{F3C1A4CA-CFAA-BFAD-CD5B-D3F16655C69E}"
EndProject
Global
	GlobalSection(SolutionConfigurationPlatforms) = preSolution
		Debug|Any CPU = Debug|Any CPU
		Release|Any CPU = Release|Any CPU
	EndGlobalSection
	GlobalSection(ProjectConfigurationPlatforms) = postSolution
		{F3C1A4CA-CFAA-BFAD-CD5B-D3F16655C69E}.Debug|Any CPU.ActiveCfg = Debug|Any CPU
		{F3C1A4CA-CFAA-BFAD-CD5B-D3F16655C69E}.Debug|Any CPU.Build.0 = Debug|Any CPU
		{F3C1A4CA-CFAA-BFAD-CD5B-D3F16655C69E}.Release|Any CPU.ActiveCfg = Release|Any CPU
		{F3C1A4CA-CFAA-BFAD-CD5B-D3F16655C69E}.Release|Any CPU.Build.0 = Release|Any CPU
	EndGlobalSection
	GlobalSection(SolutionProperties) = preSolution
		HideSolutionNode = FALSE
	EndGlobalSection
	GlobalSection(ExtensibilityGlobals) = postSolution
		SolutionGuid = {895A1CC3-3BE3-4B6C-A088-67C5E048BA5C}
	EndGlobalSection
EndGlobal
